github.com/djdhm/external1 v1.0.7 h1:IDkWcAQmtW7GHdam8AFOQIfKqnnFtfKiEaHDDeyNnTE=
github.com/djdhm/external1 v1.0.7/go.mod h1:qC3Y7stx6bhi3lzsuqpKBXD9q1PmzwtsiF8ZXjVoqXs=
github.com/djdhm/lib1 v1.1.1 h1:efA83s/K6m7J9WLF3DbANNa7OJ4Oy/xrdzs6XNDfCyU=
github.com/djdhm/lib1 v1.1.1/go.mod h1:CwECe6SMLK3FbacaOUZ76SywJk+P7sJ/qr6xLwwweik=
